// !$*UTF8*$!
{
	archiveVersion = 1;
	classes = {
	};
	objectVersion = 77;
	objects = {

/* Begin PBXContainerItemProxy section */
		4514D06C2CAA17A0001F66D2 /* PBXContainerItemProxy */ = {
			isa = PBXContainerItemProxy;
			containerPortal = 4514D04D2CAA179F001F66D2 /* Project object */;
			proxyType = 1;
			remoteGlobalIDString = 4514D0542CAA179F001F66D2;
			remoteInfo = learninstalearn1711;
		};
		4514D0762CAA17A0001F66D2 /* PBXContainerItemProxy */ = {
			isa = PBXContainerItemProxy;
			containerPortal = 4514D04D2CAA179F001F66D2 /* Project object */;
			proxyType = 1;
			remoteGlobalIDString = 4514D0542CAA179F001F66D2;
			remoteInfo = learninstalearn1711;
		};
/* End PBXContainerItemProxy section */

/* Begin PBXFileReference section */
		4514D0552CAA179F001F66D2 /* learninstalearn1711.app */ = {isa = PBXFileReference; explicitFileType = wrapper.application; includeInIndex = 0; path = learninstalearn1711.app; sourceTree = BUILT_PRODUCTS_DIR; };
		4514D06B2CAA17A0001F66D2 /* learninstalearn1711Tests.xctest */ = {isa = PBXFileReference; explicitFileType = wrapper.cfbundle; includeInIndex = 0; path = learninstalearn1711Tests.xctest; sourceTree = BUILT_PRODUCTS_DIR; };
		4514D0752CAA17A0001F66D2 /* learninstalearn1711UITests.xctest */ = {isa = PBXFileReference; explicitFileType = wrapper.cfbundle; includeInIndex = 0; path = learninstalearn1711UITests.xctest; sourceTree = BUILT_PRODUCTS_DIR; };
/* End PBXFileReference section */

/* Begin PBXFileSystemSynchronizedBuildFileExceptionSet section */
		4514D07D2CAA17A0001F66D2 /* Exceptions for "learninstalearn1711" folder in "learninstalearn1711" target */ = {
			isa = PBXFileSystemSynchronizedBuildFileExceptionSet;
			membershipExceptions = (
				Info.plist,
			);
			target = 4514D0542CAA179F001F66D2 /* learninstalearn1711 */;
		};
/* End PBXFileSystemSynchronizedBuildFileExceptionSet section */

/* Begin PBXFileSystemSynchronizedRootGroup section */
		4514D0572CAA179F001F66D2 /* learninstalearn1711 */ = {
			isa = PBXFileSystemSynchronizedRootGroup;
			exceptions = (
				4514D07D2CAA17A0001F66D2 /* Exceptions for "learninstalearn1711" folder in "learninstalearn1711" target */,
			);
			path = learninstalearn1711;
			sourceTree = "<group>";
		};
		4514D06E2CAA17A0001F66D2 /* learninstalearn1711Tests */ = {
			isa = PBXFileSystemSynchronizedRootGroup;
			path = learninstalearn1711Tests;
			sourceTree = "<group>";
		};
		4514D0782CAA17A0001F66D2 /* learninstalearn1711UITests */ = {
			isa = PBXFileSystemSynchronizedRootGroup;
			path = learninstalearn1711UITests;
			sourceTree = "<group>";
		};
/* End PBXFileSystemSynchronizedRootGroup section */

/* Begin PBXFrameworksBuildPhase section */
		4514D0522CAA179F001F66D2 /* Frameworks */ = {
			isa = PBXFrameworksBuildPhase;
			buildActionMask = 2147483647;
			files = (
			);
			runOnlyForDeploymentPostprocessing = 0;
		};
		4514D0682CAA17A0001F66D2 /* Frameworks */ = {
			isa = PBXFrameworksBuildPhase;
			buildActionMask = 2147483647;
			files = (
			);
			runOnlyForDeploymentPostprocessing = 0;
		};
		4514D0722CAA17A0001F66D2 /* Frameworks */ = {
			isa = PBXFrameworksBuildPhase;
			buildActionMask = 2147483647;
			files = (
			);
			runOnlyForDeploymentPostprocessing = 0;
		};
/* End PBXFrameworksBuildPhase section */

/* Begin PBXGroup section */
		4514D04C2CAA179F001F66D2 = {
			isa = PBXGroup;
			children = (
				4514D0572CAA179F001F66D2 /* learninstalearn1711 */,
				4514D06E2CAA17A0001F66D2 /* learninstalearn1711Tests */,
				4514D0782CAA17A0001F66D2 /* learninstalearn1711UITests */,
				4514D0562CAA179F001F66D2 /* Products */,
			);
			sourceTree = "<group>";
		};
		4514D0562CAA179F001F66D2 /* Products */ = {
			isa = PBXGroup;
			children = (
				4514D0552CAA179F001F66D2 /* learninstalearn1711.app */,
				4514D06B2CAA17A0001F66D2 /* learninstalearn1711Tests.xctest */,
				4514D0752CAA17A0001F66D2 /* learninstalearn1711UITests.xctest */,
			);
			name = Products;
			sourceTree = "<group>";
		};
/* End PBXGroup section */

/* Begin PBXNativeTarget section */
		4514D0542CAA179F001F66D2 /* learninstalearn1711 */ = {
			isa = PBXNativeTarget;
			buildConfigurationList = 4514D07E2CAA17A0001F66D2 /* Build configuration list for PBXNativeTarget "learninstalearn1711" */;
			buildPhases = (
				4514D0512CAA179F001F66D2 /* Sources */,
				4514D0522CAA179F001F66D2 /* Frameworks */,
				4514D0532CAA179F001F66D2 /* Resources */,
			);
			buildRules = (
			);
			dependencies = (
			);
			fileSystemSynchronizedGroups = (
				4514D0572CAA179F001F66D2 /* learninstalearn1711 */,
			);
			name = learninstalearn1711;
			packageProductDependencies = (
			);
			productName = learninstalearn1711;
			productReference = 4514D0552CAA179F001F66D2 /* learninstalearn1711.app */;
			productType = "com.apple.product-type.application";
		};
		4514D06A2CAA17A0001F66D2 /* learninstalearn1711Tests */ = {
			isa = PBXNativeTarget;
			buildConfigurationList = 4514D0832CAA17A0001F66D2 /* Build configuration list for PBXNativeTarget "learninstalearn1711Tests" */;
			buildPhases = (
				4514D0672CAA17A0001F66D2 /* Sources */,
				4514D0682CAA17A0001F66D2 /* Frameworks */,
				4514D0692CAA17A0001F66D2 /* Resources */,
			);
			buildRules = (
			);
			dependencies = (
				4514D06D2CAA17A0001F66D2 /* PBXTargetDependency */,
			);
			fileSystemSynchronizedGroups = (
				4514D06E2CAA17A0001F66D2 /* learninstalearn1711Tests */,
			);
			name = learninstalearn1711Tests;
			packageProductDependencies = (
			);
			productName = learninstalearn1711Tests;
			productReference = 4514D06B2CAA17A0001F66D2 /* learninstalearn1711Tests.xctest */;
			productType = "com.apple.product-type.bundle.unit-test";
		};
		4514D0742CAA17A0001F66D2 /* learninstalearn1711UITests */ = {
			isa = PBXNativeTarget;
			buildConfigurationList = 4514D0862CAA17A0001F66D2 /* Build configuration list for PBXNativeTarget "learninstalearn1711UITests" */;
			buildPhases = (
				4514D0712CAA17A0001F66D2 /* Sources */,
				4514D0722CAA17A0001F66D2 /* Frameworks */,
				4514D0732CAA17A0001F66D2 /* Resources */,
			);
			buildRules = (
			);
			dependencies = (
				4514D0772CAA17A0001F66D2 /* PBXTargetDependency */,
			);
			fileSystemSynchronizedGroups = (
				4514D0782CAA17A0001F66D2 /* learninstalearn1711UITests */,
			);
			name = learninstalearn1711UITests;
			packageProductDependencies = (
			);
			productName = learninstalearn1711UITests;
			productReference = 4514D0752CAA17A0001F66D2 /* learninstalearn1711UITests.xctest */;
			productType = "com.apple.product-type.bundle.ui-testing";
		};
/* End PBXNativeTarget section */

/* Begin PBXProject section */
		4514D04D2CAA179F001F66D2 /* Project object */ = {
			isa = PBXProject;
			attributes = {
				BuildIndependentTargetsInParallel = 1;
				LastSwiftUpdateCheck = 1600;
				LastUpgradeCheck = 1600;
				TargetAttributes = {
					4514D0542CAA179F001F66D2 = {
						CreatedOnToolsVersion = 16.0;
					};
					4514D06A2CAA17A0001F66D2 = {
						CreatedOnToolsVersion = 16.0;
						TestTargetID = 4514D0542CAA179F001F66D2;
					};
					4514D0742CAA17A0001F66D2 = {
						CreatedOnToolsVersion = 16.0;
						TestTargetID = 4514D0542CAA179F001F66D2;
					};
				};
			};
			buildConfigurationList = 4514D0502CAA179F001F66D2 /* Build configuration list for PBXProject "learninstalearn1711" */;
			developmentRegion = en;
			hasScannedForEncodings = 0;
			knownRegions = (
				en,
				Base,
			);
			mainGroup = 4514D04C2CAA179F001F66D2;
			minimizedProjectReferenceProxies = 1;
			preferredProjectObjectVersion = 77;
			productRefGroup = 4514D0562CAA179F001F66D2 /* Products */;
			projectDirPath = "";
			projectRoot = "";
			targets = (
				4514D0542CAA179F001F66D2 /* learninstalearn1711 */,
				4514D06A2CAA17A0001F66D2 /* learninstalearn1711Tests */,
				4514D0742CAA17A0001F66D2 /* learninstalearn1711UITests */,
			);
		};
/* End PBXProject section */

/* Begin PBXResourcesBuildPhase section */
		4514D0532CAA179F001F66D2 /* Resources */ = {
			isa = PBXResourcesBuildPhase;
			buildActionMask = 2147483647;
			files = (
			);
			runOnlyForDeploymentPostprocessing = 0;
		};
		4514D0692CAA17A0001F66D2 /* Resources */ = {
			isa = PBXResourcesBuildPhase;
			buildActionMask = 2147483647;
			files = (
			);
			runOnlyForDeploymentPostprocessing = 0;
		};
		4514D0732CAA17A0001F66D2 /* Resources */ = {
			isa = PBXResourcesBuildPhase;
			buildActionMask = 2147483647;
			files = (
			);
			runOnlyForDeploymentPostprocessing = 0;
		};
/* End PBXResourcesBuildPhase section */

/* Begin PBXSourcesBuildPhase section */
		4514D0512CAA179F001F66D2 /* Sources */ = {
			isa = PBXSourcesBuildPhase;
			buildActionMask = 2147483647;
			files = (
			);
			runOnlyForDeploymentPostprocessing = 0;
		};
		4514D0672CAA17A0001F66D2 /* Sources */ = {
			isa = PBXSourcesBuildPhase;
			buildActionMask = 2147483647;
			files = (
			);
			runOnlyForDeploymentPostprocessing = 0;
		};
		4514D0712CAA17A0001F66D2 /* Sources */ = {
			isa = PBXSourcesBuildPhase;
			buildActionMask = 2147483647;
			files = (
			);
			runOnlyForDeploymentPostprocessing = 0;
		};
/* End PBXSourcesBuildPhase section */

/* Begin PBXTargetDependency section */
		4514D06D2CAA17A0001F66D2 /* PBXTargetDependency */ = {
			isa = PBXTargetDependency;
			target = 4514D0542CAA179F001F66D2 /* learninstalearn1711 */;
			targetProxy = 4514D06C2CAA17A0001F66D2 /* PBXContainerItemProxy */;
		};
		4514D0772CAA17A0001F66D2 /* PBXTargetDependency */ = {
			isa = PBXTargetDependency;
			target = 4514D0542CAA179F001F66D2 /* learninstalearn1711 */;
			targetProxy = 4514D0762CAA17A0001F66D2 /* PBXContainerItemProxy */;
		};
/* End PBXTargetDependency section */

/* Begin XCBuildConfiguration section */
		4514D07F2CAA17A0001F66D2 /* Debug */ = {
			isa = XCBuildConfiguration;
			buildSettings = {
				ASSETCATALOG_COMPILER_APPICON_NAME = AppIcon;
				ASSETCATALOG_COMPILER_GLOBAL_ACCENT_COLOR_NAME = AccentColor;
				CODE_SIGN_STYLE = Automatic;
				CURRENT_PROJECT_VERSION = 1;
				DEVELOPMENT_TEAM = 93RMJE5P47;
				GENERATE_INFOPLIST_FILE = YES;
				INFOPLIST_FILE = learninstalearn1711/Info.plist;
				INFOPLIST_KEY_UIApplicationSupportsIndirectInputEvents = YES;
				INFOPLIST_KEY_UILaunchStoryboardName = LaunchScreen;
				INFOPLIST_KEY_UIMainStoryboardFile = Main;
				INFOPLIST_KEY_UISupportedInterfaceOrientations_iPad = "UIInterfaceOrientationPortrait UIInterfaceOrientationPortraitUpsideDown UIInterfaceOrientationLandscapeLeft UIInterfaceOrientationLandscapeRight";
				INFOPLIST_KEY_UISupportedInterfaceOrientations_iPhone = "UIInterfaceOrientationPortrait UIInterfaceOrientationLandscapeLeft UIInterfaceOrientationLandscapeRight";
				LD_RUNPATH_SEARCH_PATHS = (
					"$(inherited)",
					"@executable_path/Frameworks",
				);
				MARKETING_VERSION = 1.0;
				PRODUCT_BUNDLE_IDENTIFIER = com.learn.instalearn1711.learninstalearn1711;
				PRODUCT_NAME = "$(TARGET_NAME)";
				SWIFT_EMIT_LOC_STRINGS = YES;
				SWIFT_VERSION = 5.0;
				TARGETED_DEVICE_FAMILY = "1,2";
			};
			name = Debug;
		};
		4514D0802CAA17A0001F66D2 /* Release */ = {
			isa = XCBuildConfiguration;
			buildSettings = {
				ASSETCATALOG_COMPILER_APPICON_NAME = AppIcon;
				ASSETCATALOG_COMPILER_GLOBAL_ACCENT_COLOR_NAME = AccentColor;
				CODE_SIGN_STYLE = Automatic;
				CURRENT_PROJECT_VERSION = 1;
				DEVELOPMENT_TEAM = 93RMJE5P47;
				GENERATE_INFOPLIST_FILE = YES;
				INFOPLIST_FILE = learninstalearn1711/Info.plist;
				INFOPLIST_KEY_UIApplicationSupportsIndirectInputEvents = YES;
				INFOPLIST_KEY_UILaunchStoryboardName = LaunchScreen;
				INFOPLIST_KEY_UIMainStoryboardFile = Main;
				INFOPLIST_KEY_UISupportedInterfaceOrientations_iPad = "UIInterfaceOrientationPortrait UIInterfaceOrientationPortraitUpsideDown UIInterfaceOrientationLandscapeLeft UIInterfaceOrientationLandscapeRight";
				INFOPLIST_KEY_UISupportedInterfaceOrientations_iPhone = "UIInterfaceOrientationPortrait UIInterfaceOrientationLandscapeLeft UIInterfaceOrientationLandscapeRight";
				LD_RUNPATH_SEARCH_PATHS = (
					"$(inherited)",
					"@executable_path/Frameworks",
				);
				MARKETING_VERSION = 1.0;
				PRODUCT_BUNDLE_IDENTIFIER = com.learn.instalearn1711.learninstalearn1711;
				PRODUCT_NAME = "$(TARGET_NAME)";
				SWIFT_EMIT_LOC_STRINGS = YES;
				SWIFT_VERSION = 5.0;
				TARGETED_DEVICE_FAMILY = "1,2";
			};
			name = Release;
		};
		4514D0812CAA17A0001F66D2 /* Debug */ = {
			isa = XCBuildConfiguration;
			buildSettings = {
				ALWAYS_SEARCH_USER_PATHS = NO;
				ASSETCATALOG_COMPILER_GENERATE_SWIFT_ASSET_SYMBOL_EXTENSIONS = YES;
				CLANG_ANALYZER_NONNULL = YES;
				CLANG_ANALYZER_NUMBER_OBJECT_CONVERSION = YES_AGGRESSIVE;
				CLANG_CXX_LANGUAGE_STANDARD = "gnu++20";
				CLANG_ENABLE_MODULES = YES;
				CLANG_ENABLE_OBJC_ARC = YES;
				CLANG_ENABLE_OBJC_WEAK = YES;
				CLANG_WARN_BLOCK_CAPTURE_AUTORELEASING = YES;
				CLANG_WARN_BOOL_CONVERSION = YES;
				CLANG_WARN_COMMA = YES;
				CLANG_WARN_CONSTANT_CONVERSION = YES;
				CLANG_WARN_DEPRECATED_OBJC_IMPLEMENTATIONS = YES;
				CLANG_WARN_DIRECT_OBJC_ISA_USAGE = YES_ERROR;
				CLANG_WARN_DOCUMENTATION_COMMENTS = YES;
				CLANG_WARN_EMPTY_BODY = YES;
				CLANG_WARN_ENUM_CONVERSION = YES;
				CLANG_WARN_INFINITE_RECURSION = YES;
				CLANG_WARN_INT_CONVERSION = YES;
				CLANG_WARN_NON_LITERAL_NULL_CONVERSION = YES;
				CLANG_WARN_OBJC_IMPLICIT_RETAIN_SELF = YES;
				CLANG_WARN_OBJC_LITERAL_CONVERSION = YES;
				CLANG_WARN_OBJC_ROOT_CLASS = YES_ERROR;
				CLANG_WARN_QUOTED_INCLUDE_IN_FRAMEWORK_HEADER = YES;
				CLANG_WARN_RANGE_LOOP_ANALYSIS = YES;
				CLANG_WARN_STRICT_PROTOTYPES = YES;
				CLANG_WARN_SUSPICIOUS_MOVE = YES;
				CLANG_WARN_UNGUARDED_AVAILABILITY = YES_AGGRESSIVE;
				CLANG_WARN_UNREACHABLE_CODE = YES;
				CLANG_WARN__DUPLICATE_METHOD_MATCH = YES;
				COPY_PHASE_STRIP = NO;
				DEBUG_INFORMATION_FORMAT = dwarf;
				ENABLE_STRICT_OBJC_MSGSEND = YES;
				ENABLE_TESTABILITY = YES;
				ENABLE_USER_SCRIPT_SANDBOXING = YES;
				GCC_C_LANGUAGE_STANDARD = gnu17;
				GCC_DYNAMIC_NO_PIC = NO;
				GCC_NO_COMMON_BLOCKS = YES;
				GCC_OPTIMIZATION_LEVEL = 0;
				GCC_PREPROCESSOR_DEFINITIONS = (
					"DEBUG=1",
					"$(inherited)",
				);
				GCC_WARN_64_TO_32_BIT_CONVERSION = YES;
				GCC_WARN_ABOUT_RETURN_TYPE = YES_ERROR;
				GCC_WARN_UNDECLARED_SELECTOR = YES;
				GCC_WARN_UNINITIALIZED_AUTOS = YES_AGGRESSIVE;
				GCC_WARN_UNUSED_FUNCTION = YES;
				GCC_WARN_UNUSED_VARIABLE = YES;
				IPHONEOS_DEPLOYMENT_TARGET = 18.0;
				LOCALIZATION_PREFERS_STRING_CATALOGS = YES;
				MTL_ENABLE_DEBUG_INFO = INCLUDE_SOURCE;
				MTL_FAST_MATH = YES;
				ONLY_ACTIVE_ARCH = YES;
				SDKROOT = iphoneos;
				SWIFT_ACTIVE_COMPILATION_CONDITIONS = "DEBUG $(inherited)";
				SWIFT_OPTIMIZATION_LEVEL = "-Onone";
			};
			name = Debug;
		};
		4514D0822CAA17A0001F66D2 /* Release */ = {
			isa = XCBuildConfiguration;
			buildSettings = {
				ALWAYS_SEARCH_USER_PATHS = NO;
				ASSETCATALOG_COMPILER_GENERATE_SWIFT_ASSET_SYMBOL_EXTENSIONS = YES;
				CLANG_ANALYZER_NONNULL = YES;
				CLANG_ANALYZER_NUMBER_OBJECT_CONVERSION = YES_AGGRESSIVE;
				CLANG_CXX_LANGUAGE_STANDARD = "gnu++20";
				CLANG_ENABLE_MODULES = YES;
				CLANG_ENABLE_OBJC_ARC = YES;
				CLANG_ENABLE_OBJC_WEAK = YES;
				CLANG_WARN_BLOCK_CAPTURE_AUTORELEASING = YES;
				CLANG_WARN_BOOL_CONVERSION = YES;
				CLANG_WARN_COMMA = YES;
				CLANG_WARN_CONSTANT_CONVERSION = YES;
				CLANG_WARN_DEPRECATED_OBJC_IMPLEMENTATIONS = YES;
				CLANG_WARN_DIRECT_OBJC_ISA_USAGE = YES_ERROR;
				CLANG_WARN_DOCUMENTATION_COMMENTS = YES;
				CLANG_WARN_EMPTY_BODY = YES;
				CLANG_WARN_ENUM_CONVERSION = YES;
				CLANG_WARN_INFINITE_RECURSION = YES;
				CLANG_WARN_INT_CONVERSION = YES;
				CLANG_WARN_NON_LITERAL_NULL_CONVERSION = YES;
				CLANG_WARN_OBJC_IMPLICIT_RETAIN_SELF = YES;
				CLANG_WARN_OBJC_LITERAL_CONVERSION = YES;
				CLANG_WARN_OBJC_ROOT_CLASS = YES_ERROR;
				CLANG_WARN_QUOTED_INCLUDE_IN_FRAMEWORK_HEADER = YES;
				CLANG_WARN_RANGE_LOOP_ANALYSIS = YES;
				CLANG_WARN_STRICT_PROTOTYPES = YES;
				CLANG_WARN_SUSPICIOUS_MOVE = YES;
				CLANG_WARN_UNGUARDED_AVAILABILITY = YES_AGGRESSIVE;
				CLANG_WARN_UNREACHABLE_CODE = YES;
				CLANG_WARN__DUPLICATE_METHOD_MATCH = YES;
				COPY_PHASE_STRIP = NO;
				DEBUG_INFORMATION_FORMAT = "dwarf-with-dsym";
				ENABLE_NS_ASSERTIONS = NO;
				ENABLE_STRICT_OBJC_MSGSEND = YES;
				ENABLE_USER_SCRIPT_SANDBOXING = YES;
				GCC_C_LANGUAGE_STANDARD = gnu17;
				GCC_NO_COMMON_BLOCKS = YES;
				GCC_WARN_64_TO_32_BIT_CONVERSION = YES;
				GCC_WARN_ABOUT_RETURN_TYPE = YES_ERROR;
				GCC_WARN_UNDECLARED_SELECTOR = YES;
				GCC_WARN_UNINITIALIZED_AUTOS = YES_AGGRESSIVE;
				GCC_WARN_UNUSED_FUNCTION = YES;
				GCC_WARN_UNUSED_VARIABLE = YES;
				IPHONEOS_DEPLOYMENT_TARGET = 18.0;
				LOCALIZATION_PREFERS_STRING_CATALOGS = YES;
				MTL_ENABLE_DEBUG_INFO = NO;
				MTL_FAST_MATH = YES;
				SDKROOT = iphoneos;
				SWIFT_COMPILATION_MODE = wholemodule;
				VALIDATE_PRODUCT = YES;
			};
			name = Release;
		};
		4514D0842CAA17A0001F66D2 /* Debug */ = {
			isa = XCBuildConfiguration;
			buildSettings = {
				BUNDLE_LOADER = "$(TEST_HOST)";
				CODE_SIGN_STYLE = Automatic;
				CURRENT_PROJECT_VERSION = 1;
				DEVELOPMENT_TEAM = 93RMJE5P47;
				GENERATE_INFOPLIST_FILE = YES;
				IPHONEOS_DEPLOYMENT_TARGET = 18.0;
				MARKETING_VERSION = 1.0;
				PRODUCT_BUNDLE_IDENTIFIER = com.learn.instalearn1711.learninstalearn1711Tests;
				PRODUCT_NAME = "$(TARGET_NAME)";
				SWIFT_EMIT_LOC_STRINGS = NO;
				SWIFT_VERSION = 5.0;
				TARGETED_DEVICE_FAMILY = "1,2";
				TEST_HOST = "$(BUILT_PRODUCTS_DIR)/learninstalearn1711.app/$(BUNDLE_EXECUTABLE_FOLDER_PATH)/learninstalearn1711";
			};
			name = Debug;
		};
		4514D0852CAA17A0001F66D2 /* Release */ = {
			isa = XCBuildConfiguration;
			buildSettings = {
				BUNDLE_LOADER = "$(TEST_HOST)";
				CODE_SIGN_STYLE = Automatic;
				CURRENT_PROJECT_VERSION = 1;
				DEVELOPMENT_TEAM = 93RMJE5P47;
				GENERATE_INFOPLIST_FILE = YES;
				IPHONEOS_DEPLOYMENT_TARGET = 18.0;
				MARKETING_VERSION = 1.0;
				PRODUCT_BUNDLE_IDENTIFIER = com.learn.instalearn1711.learninstalearn1711Tests;
				PRODUCT_NAME = "$(TARGET_NAME)";
				SWIFT_EMIT_LOC_STRINGS = NO;
				SWIFT_VERSION = 5.0;
				TARGETED_DEVICE_FAMILY = "1,2";
				TEST_HOST = "$(BUILT_PRODUCTS_DIR)/learninstalearn1711.app/$(BUNDLE_EXECUTABLE_FOLDER_PATH)/learninstalearn1711";
			};
			name = Release;
		};
		4514D0872CAA17A0001F66D2 /* Debug */ = {
			isa = XCBuildConfiguration;
			buildSettings = {
				CODE_SIGN_STYLE = Automatic;
				CURRENT_PROJECT_VERSION = 1;
				DEVELOPMENT_TEAM = 93RMJE5P47;
				GENERATE_INFOPLIST_FILE = YES;
				MARKETING_VERSION = 1.0;
				PRODUCT_BUNDLE_IDENTIFIER = com.learn.instalearn1711.learninstalearn1711UITests;
				PRODUCT_NAME = "$(TARGET_NAME)";
				SWIFT_EMIT_LOC_STRINGS = NO;
				SWIFT_VERSION = 5.0;
				TARGETED_DEVICE_FAMILY = "1,2";
				TEST_TARGET_NAME = learninstalearn1711;
			};
			name = Debug;
		};
		4514D0882CAA17A0001F66D2 /* Release */ = {
			isa = XCBuildConfiguration;
			buildSettings = {
				CODE_SIGN_STYLE = Automatic;
				CURRENT_PROJECT_VERSION = 1;
				DEVELOPMENT_TEAM = 93RMJE5P47;
				GENERATE_INFOPLIST_FILE = YES;
				MARKETING_VERSION = 1.0;
				PRODUCT_BUNDLE_IDENTIFIER = com.learn.instalearn1711.learninstalearn1711UITests;
				PRODUCT_NAME = "$(TARGET_NAME)";
				SWIFT_EMIT_LOC_STRINGS = NO;
				SWIFT_VERSION = 5.0;
				TARGETED_DEVICE_FAMILY = "1,2";
				TEST_TARGET_NAME = learninstalearn1711;
			};
			name = Release;
		};
/* End XCBuildConfiguration section */

/* Begin XCConfigurationList section */
		4514D0502CAA179F001F66D2 /* Build configuration list for PBXProject "learninstalearn1711" */ = {
			isa = XCConfigurationList;
			buildConfigurations = (
				4514D0812CAA17A0001F66D2 /* Debug */,
				4514D0822CAA17A0001F66D2 /* Release */,
			);
			defaultConfigurationIsVisible = 0;
			defaultConfigurationName = Release;
		};
		4514D07E2CAA17A0001F66D2 /* Build configuration list for PBXNativeTarget "learninstalearn1711" */ = {
			isa = XCConfigurationList;
			buildConfigurations = (
				4514D07F2CAA17A0001F66D2 /* Debug */,
				4514D0802CAA17A0001F66D2 /* Release */,
			);
			defaultConfigurationIsVisible = 0;
			defaultConfigurationName = Release;
		};
		4514D0832CAA17A0001F66D2 /* Build configuration list for PBXNativeTarget "learninstalearn1711Tests" */ = {
			isa = XCConfigurationList;
			buildConfigurations = (
				4514D0842CAA17A0001F66D2 /* Debug */,
				4514D0852CAA17A0001F66D2 /* Release */,
			);
			defaultConfigurationIsVisible = 0;
			defaultConfigurationName = Release;
		};
		4514D0862CAA17A0001F66D2 /* Build configuration list for PBXNativeTarget "learninstalearn1711UITests" */ = {
			isa = XCConfigurationList;
			buildConfigurations = (
				4514D0872CAA17A0001F66D2 /* Debug */,
				4514D0882CAA17A0001F66D2 /* Release */,
			);
			defaultConfigurationIsVisible = 0;
			defaultConfigurationName = Release;
		};
/* End XCConfigurationList section */
	};
	rootObject = 4514D04D2CAA179F001F66D2 /* Project object */;
}
